<?xml version="1.0" encoding="utf-8"?>
<Project ToolsVersion="4.0" xmlns="http://schemas.microsoft.com/developer/msbuild/2003">
  <ItemGroup>
    <Filter Include="Source Files">
      <UniqueIdentifier>{4FC737F1-C7A5-4376-A066-2A32D752A2FF}</UniqueIdentifier>
      <Extensions>cpp;c;cc;cxx;c++;cppm;ixx;def;odl;idl;hpj;bat;asm;asmx</Extensions>
    </Filter>
    <Filter Include="Header Files">
      <UniqueIdentifier>{93995380-89BD-4b04-88EB-625FBE52EBFB}</UniqueIdentifier>
      <Extensions>h;hh;hpp;hxx;h++;hm;inl;inc;ipp;xsd</Extensions>
    </Filter>
    <Filter Include="Resource Files">
      <UniqueIdentifier>{67DA6AB6-F800-4c08-8B7A-83BB121AAD01}</UniqueIdentifier>
      <Extensions>rc;ico;cur;bmp;dlg;rc2;rct;bin;rgs;gif;jpg;jpeg;jpe;resx;tiff;tif;png;wav;mfcribbon-ms</Extensions>
    </Filter>
  </ItemGroup>
  <ItemGroup>
    <ClCompile Include="source.cpp">
      <Filter>Source Files</Filter>
    </ClCompile>
    <ClCompile Include="Matrix.cpp">
      <Filter>Source Files</Filter>
    </ClCompile>
    <ClCompile Include="Tensor.cpp">
      <Filter>Source Files</Filter>
    </ClCompile>
    <ClCompile Include="Linear.cpp">
      <Filter>Source Files</Filter>
    </ClCompile>
    <ClCompile Include="LogSoftmax.cpp">
      <Filter>Source Files</Filter>
    </ClCompile>
    <ClCompile Include="LayerNorm.cpp">
      <Filter>Source Files</Filter>
    </ClCompile>
    <ClCompile Include="DropOut.cpp">
      <Filter>Source Files</Filter>
    </ClCompile>
    <ClCompile Include="Util.cpp">
      <Filter>Source Files</Filter>
    </ClCompile>
    <ClCompile Include="Softmax.cpp">
      <Filter>Source Files</Filter>
    </ClCompile>
    <ClCompile Include="Attention.cpp">
      <Filter>Source Files</Filter>
    </ClCompile>
    <ClCompile Include="Embedding.cpp">
      <Filter>Source Files</Filter>
    </ClCompile>
    <ClCompile Include="PositionalEncoder.cpp">
      <Filter>Source Files</Filter>
    </ClCompile>
    <ClCompile Include="Encoder.cpp">
      <Filter>Source Files</Filter>
    </ClCompile>
    <ClCompile Include="MultiheadAttention.cpp">
      <Filter>Source Files</Filter>
    </ClCompile>
    <ClCompile Include="PositionwiseFeedForward.cpp">
      <Filter>Source Files</Filter>
    </ClCompile>
    <ClCompile Include="ReLU.cpp">
      <Filter>Source Files</Filter>
    </ClCompile>
    <ClCompile Include="EncoderLayer.cpp">
      <Filter>Source Files</Filter>
    </ClCompile>
    <ClCompile Include="config.cpp">
      <Filter>Source Files</Filter>
    </ClCompile>
    <ClCompile Include="Decoder.cpp">
      <Filter>Source Files</Filter>
    </ClCompile>
    <ClCompile Include="DecoderLayer.cpp">
      <Filter>Source Files</Filter>
    </ClCompile>
    <ClCompile Include="Data.cpp">
      <Filter>Source Files</Filter>
    </ClCompile>
  </ItemGroup>
  <ItemGroup>
    <ClInclude Include="Header.h">
      <Filter>Header Files</Filter>
    </ClInclude>
    <ClInclude Include="Matrix.h">
      <Filter>Header Files</Filter>
    </ClInclude>
    <ClInclude Include="Tensor.h">
      <Filter>Header Files</Filter>
    </ClInclude>
    <ClInclude Include="Linear.h">
      <Filter>Header Files</Filter>
    </ClInclude>
    <ClInclude Include="LogSoftmax.h">
      <Filter>Header Files</Filter>
    </ClInclude>
    <ClInclude Include="LayerNorm.h">
      <Filter>Header Files</Filter>
    </ClInclude>
    <ClInclude Include="DropOut.h">
      <Filter>Header Files</Filter>
    </ClInclude>
    <ClInclude Include="Util.h">
      <Filter>Header Files</Filter>
    </ClInclude>
    <ClInclude Include="Softmax.h">
      <Filter>Header Files</Filter>
    </ClInclude>
    <ClInclude Include="Attention.h">
      <Filter>Header Files</Filter>
    </ClInclude>
    <ClInclude Include="Embedding.h">
      <Filter>Header Files</Filter>
    </ClInclude>
    <ClInclude Include="PositionalEncoder.h">
      <Filter>Header Files</Filter>
    </ClInclude>
    <ClInclude Include="Encoder.h">
      <Filter>Header Files</Filter>
    </ClInclude>
    <ClInclude Include="MultiheadAttention.h">
      <Filter>Header Files</Filter>
    </ClInclude>
    <ClInclude Include="PositionwiseFeedForward.h">
      <Filter>Header Files</Filter>
    </ClInclude>
    <ClInclude Include="ReLU.h">
      <Filter>Header Files</Filter>
    </ClInclude>
    <ClInclude Include="EncoderLayer.h">
      <Filter>Header Files</Filter>
    </ClInclude>
    <ClInclude Include="config.h">
      <Filter>Header Files</Filter>
    </ClInclude>
    <ClInclude Include="Decoder.h">
      <Filter>Header Files</Filter>
    </ClInclude>
    <ClInclude Include="DecoderLayer.h">
      <Filter>Header Files</Filter>
    </ClInclude>
    <ClInclude Include="Data.h">
      <Filter>Header Files</Filter>
    </ClInclude>
  </ItemGroup>
</Project>